
Microsoft Visual Studio Solution File, Format Version 12.00
# Visual Studio Version 16
VisualStudioVersion = 16.0.31424.327
MinimumVisualStudioVersion = 10.0.40219.1
Project("{9A19103F-16F7-4668-BE54-9A1E7A4F7556}") = "Niravadea.Projects.Orchid.Core", "Niravadea.Projects.Orchid.Core\Niravadea.Projects.Orchid.Core.csproj", "{775240E9-7C83-4092-9195-C01CC4240A61}"
EndProject
Project("{9A19103F-16F7-4668-BE54-9A1E7A4F7556}") = "Niravadea.Projects.Orchid.AuthenticationDatabase.LiteDb", "Niravadea.Projects.Orchid.AuthenticationDatabase.LiteDb\Niravadea.Projects.Orchid.AuthenticationDatabase.LiteDb.csproj", "{F65AC6BC-9473-432A-8A6B-B4CE01857091}"
EndProject
Project("{9A19103F-16F7-4668-BE54-9A1E7A4F7556}") = "Niravadea.Projects.Orchid.AuthenticationDatabase", "Niravadea.Projects.Orchid.AuthenticationDatabase\Niravadea.Projects.Orchid.AuthenticationDatabase.csproj", "{D7247067-B43F-405F-8399-39F3BF7E9006}"
EndProject
Project("{FAE04EC0-301F-11D3-BF4B-00C04F79EFBC}") = "Niravadea.Projects.Orchid.TokenTracker", "Niravadea.Projects.Orchid.TokenTracker\Niravadea.Projects.Orchid.TokenTracker.csproj", "{388432DF-7EA4-4948-BF08-8015864288EC}"
EndProject
Project("{FAE04EC0-301F-11D3-BF4B-00C04F79EFBC}") = "Niravadea.Projects.Orchid.Client.Internal.Forum", "Niravadea.Projects.Orchid.Client.Internal.Forum\Niravadea.Projects.Orchid.Client.Internal.Forum.csproj", "{5A6E81E7-F211-4D84-A7F3-205269F5AB1C}"
EndProject
Project("{FAE04EC0-301F-11D3-BF4B-00C04F79EFBC}") = "Niravadea.Projects.Orchid.Client.External.Discord", "Niravadea.Projects.Orchid.Client.External.Discord\Niravadea.Projects.Orchid.Client.External.Discord.csproj", "{EB5B73C4-8272-4146-91CB-B57A2D861003}"
EndProject
Project("{FAE04EC0-301F-11D3-BF4B-00C04F79EFBC}") = "Niravadea.Projects.Orchid.Shared", "Niravadea.Projects.Orchid.Shared\Niravadea.Projects.Orchid.Shared.csproj", "{FB29056F-7A28-4747-814C-859BD1350EA6}"
EndProject
Global
	GlobalSection(SolutionConfigurationPlatforms) = preSolution
		Debug|Any CPU = Debug|Any CPU
		Release|Any CPU = Release|Any CPU
	EndGlobalSection
	GlobalSection(ProjectConfigurationPlatforms) = postSolution
		{775240E9-7C83-4092-9195-C01CC4240A61}.Debug|Any CPU.ActiveCfg = Debug|Any CPU
		{775240E9-7C83-4092-9195-C01CC4240A61}.Debug|Any CPU.Build.0 = Debug|Any CPU
		{775240E9-7C83-4092-9195-C01CC4240A61}.Release|Any CPU.ActiveCfg = Release|Any CPU
		{775240E9-7C83-4092-9195-C01CC4240A61}.Release|Any CPU.Build.0 = Release|Any CPU
		{F65AC6BC-9473-432A-8A6B-B4CE01857091}.Debug|Any CPU.ActiveCfg = Debug|Any CPU
		{F65AC6BC-9473-432A-8A6B-B4CE01857091}.Debug|Any CPU.Build.0 = Debug|Any CPU
		{F65AC6BC-9473-432A-8A6B-B4CE01857091}.Release|Any CPU.ActiveCfg = Release|Any CPU
		{F65AC6BC-9473-432A-8A6B-B4CE01857091}.Release|Any CPU.Build.0 = Release|Any CPU
		{D7247067-B43F-405F-8399-39F3BF7E9006}.Debug|Any CPU.ActiveCfg = Debug|Any CPU
		{D7247067-B43F-405F-8399-39F3BF7E9006}.Debug|Any CPU.Build.0 = Debug|Any CPU
		{D7247067-B43F-405F-8399-39F3BF7E9006}.Release|Any CPU.ActiveCfg = Release|Any CPU
		{D7247067-B43F-405F-8399-39F3BF7E9006}.Release|Any CPU.Build.0 = Release|Any CPU
		{388432DF-7EA4-4948-BF08-8015864288EC}.Debug|Any CPU.ActiveCfg = Debug|Any CPU
		{388432DF-7EA4-4948-BF08-8015864288EC}.Debug|Any CPU.Build.0 = Debug|Any CPU
		{388432DF-7EA4-4948-BF08-8015864288EC}.Release|Any CPU.ActiveCfg = Release|Any CPU
		{388432DF-7EA4-4948-BF08-8015864288EC}.Release|Any CPU.Build.0 = Release|Any CPU
		{5A6E81E7-F211-4D84-A7F3-205269F5AB1C}.Debug|Any CPU.ActiveCfg = Debug|Any CPU
		{5A6E81E7-F211-4D84-A7F3-205269F5AB1C}.Debug|Any CPU.Build.0 = Debug|Any CPU
		{5A6E81E7-F211-4D84-A7F3-205269F5AB1C}.Release|Any CPU.ActiveCfg = Release|Any CPU
		{5A6E81E7-F211-4D84-A7F3-205269F5AB1C}.Release|Any CPU.Build.0 = Release|Any CPU
		{EB5B73C4-8272-4146-91CB-B57A2D861003}.Debug|Any CPU.ActiveCfg = Debug|Any CPU
		{EB5B73C4-8272-4146-91CB-B57A2D861003}.Debug|Any CPU.Build.0 = Debug|Any CPU
		{EB5B73C4-8272-4146-91CB-B57A2D861003}.Release|Any CPU.ActiveCfg = Release|Any CPU
		{EB5B73C4-8272-4146-91CB-B57A2D861003}.Release|Any CPU.Build.0 = Release|Any CPU
		{FB29056F-7A28-4747-814C-859BD1350EA6}.Debug|Any CPU.ActiveCfg = Debug|Any CPU
		{FB29056F-7A28-4747-814C-859BD1350EA6}.Debug|Any CPU.Build.0 = Debug|Any CPU
		{FB29056F-7A28-4747-814C-859BD1350EA6}.Release|Any CPU.ActiveCfg = Release|Any CPU
		{FB29056F-7A28-4747-814C-859BD1350EA6}.Release|Any CPU.Build.0 = Release|Any CPU
	EndGlobalSection
	GlobalSection(SolutionProperties) = preSolution
		HideSolutionNode = FALSE
	EndGlobalSection
	GlobalSection(ExtensibilityGlobals) = postSolution
		SolutionGuid = {9AA5F5D5-0D4E-4232-A493-CF83ED25B959}
	EndGlobalSection
EndGlobal
